// !$*UTF8*$!
{
	archiveVersion = 1;
	classes = {
	};
	objectVersion = 52;
	objects = {

/* Begin PBXBuildFile section */
		F0773E642705646400C80914 /* AppDelegate.swift in Sources */ = {isa = PBXBuildFile; fileRef = F0773E632705646400C80914 /* AppDelegate.swift */; };
		F0773E662705646400C80914 /* SceneDelegate.swift in Sources */ = {isa = PBXBuildFile; fileRef = F0773E652705646400C80914 /* SceneDelegate.swift */; };
		F0773E682705646400C80914 /* ViewController.swift in Sources */ = {isa = PBXBuildFile; fileRef = F0773E672705646400C80914 /* ViewController.swift */; };
		F0773E6B2705646400C80914 /* Main.storyboard in Resources */ = {isa = PBXBuildFile; fileRef = F0773E692705646400C80914 /* Main.storyboard */; };
		F0773E6D2705646600C80914 /* Assets.xcassets in Resources */ = {isa = PBXBuildFile; fileRef = F0773E6C2705646600C80914 /* Assets.xcassets */; };
		F0773E702705646600C80914 /* LaunchScreen.storyboard in Resources */ = {isa = PBXBuildFile; fileRef = F0773E6E2705646600C80914 /* LaunchScreen.storyboard */; };
		F0773E7B270564CB00C80914 /* UIControl+Combine.swift in Sources */ = {isa = PBXBuildFile; fileRef = F0773E78270564CB00C80914 /* UIControl+Combine.swift */; };
		F0773E7C270564CB00C80914 /* NSAttributedString+Extensions.swift in Sources */ = {isa = PBXBuildFile; fileRef = F0773E79270564CB00C80914 /* NSAttributedString+Extensions.swift */; };
		F0773E81270564F500C80914 /* PlayerControlView.swift in Sources */ = {isa = PBXBuildFile; fileRef = F0773E7F270564F500C80914 /* PlayerControlView.swift */; };
		F0773E82270564F500C80914 /* PlayerSeekBarView.swift in Sources */ = {isa = PBXBuildFile; fileRef = F0773E80270564F500C80914 /* PlayerSeekBarView.swift */; };
		F0773E852705661F00C80914 /* ComposableArchitecture in Frameworks */ = {isa = PBXBuildFile; productRef = F0773E842705661F00C80914 /* ComposableArchitecture */; };
		F0773E8827056E5000C80914 /* AppReducer.swift in Sources */ = {isa = PBXBuildFile; fileRef = F0773E8727056E5000C80914 /* AppReducer.swift */; };
		F0773E8B2705706F00C80914 /* SuperPlayer in Frameworks */ = {isa = PBXBuildFile; productRef = F0773E8A2705706F00C80914 /* SuperPlayer */; };
/* End PBXBuildFile section */

/* Begin PBXFileReference section */
		F0773E602705646400C80914 /* spTV.app */ = {isa = PBXFileReference; explicitFileType = wrapper.application; includeInIndex = 0; path = spTV.app; sourceTree = BUILT_PRODUCTS_DIR; };
		F0773E632705646400C80914 /* AppDelegate.swift */ = {isa = PBXFileReference; lastKnownFileType = sourcecode.swift; path = AppDelegate.swift; sourceTree = "<group>"; };
		F0773E652705646400C80914 /* SceneDelegate.swift */ = {isa = PBXFileReference; lastKnownFileType = sourcecode.swift; path = SceneDelegate.swift; sourceTree = "<group>"; };
		F0773E672705646400C80914 /* ViewController.swift */ = {isa = PBXFileReference; lastKnownFileType = sourcecode.swift; path = ViewController.swift; sourceTree = "<group>"; };
		F0773E6A2705646400C80914 /* Base */ = {isa = PBXFileReference; lastKnownFileType = file.storyboard; name = Base; path = Base.lproj/Main.storyboard; sourceTree = "<group>"; };
		F0773E6C2705646600C80914 /* Assets.xcassets */ = {isa = PBXFileReference; lastKnownFileType = folder.assetcatalog; path = Assets.xcassets; sourceTree = "<group>"; };
		F0773E6F2705646600C80914 /* Base */ = {isa = PBXFileReference; lastKnownFileType = file.storyboard; name = Base; path = Base.lproj/LaunchScreen.storyboard; sourceTree = "<group>"; };
		F0773E712705646600C80914 /* Info.plist */ = {isa = PBXFileReference; lastKnownFileType = text.plist.xml; path = Info.plist; sourceTree = "<group>"; };
		F0773E78270564CB00C80914 /* UIControl+Combine.swift */ = {isa = PBXFileReference; fileEncoding = 4; lastKnownFileType = sourcecode.swift; path = "UIControl+Combine.swift"; sourceTree = "<group>"; };
		F0773E79270564CB00C80914 /* NSAttributedString+Extensions.swift */ = {isa = PBXFileReference; fileEncoding = 4; lastKnownFileType = sourcecode.swift; path = "NSAttributedString+Extensions.swift"; sourceTree = "<group>"; };
		F0773E7F270564F500C80914 /* PlayerControlView.swift */ = {isa = PBXFileReference; fileEncoding = 4; lastKnownFileType = sourcecode.swift; path = PlayerControlView.swift; sourceTree = "<group>"; };
		F0773E80270564F500C80914 /* PlayerSeekBarView.swift */ = {isa = PBXFileReference; fileEncoding = 4; lastKnownFileType = sourcecode.swift; path = PlayerSeekBarView.swift; sourceTree = "<group>"; };
		F0773E8727056E5000C80914 /* AppReducer.swift */ = {isa = PBXFileReference; lastKnownFileType = sourcecode.swift; path = AppReducer.swift; sourceTree = "<group>"; };
/* End PBXFileReference section */

/* Begin PBXFrameworksBuildPhase section */
		F0773E5D2705646400C80914 /* Frameworks */ = {
			isa = PBXFrameworksBuildPhase;
			buildActionMask = 2147483647;
			files = (
				F0773E852705661F00C80914 /* ComposableArchitecture in Frameworks */,
				F0773E8B2705706F00C80914 /* SuperPlayer in Frameworks */,
			);
			runOnlyForDeploymentPostprocessing = 0;
		};
/* End PBXFrameworksBuildPhase section */

/* Begin PBXGroup section */
		F0773E572705646400C80914 = {
			isa = PBXGroup;
			children = (
				F0773E622705646400C80914 /* spTV */,
				F0773E612705646400C80914 /* Products */,
			);
			sourceTree = "<group>";
		};
		F0773E612705646400C80914 /* Products */ = {
			isa = PBXGroup;
			children = (
				F0773E602705646400C80914 /* spTV.app */,
			);
			name = Products;
			sourceTree = "<group>";
		};
		F0773E622705646400C80914 /* spTV */ = {
			isa = PBXGroup;
			children = (
				F0773E7E270564E100C80914 /* PlayerControl */,
				F0773E8627056E2E00C80914 /* spTV */,
				F0773E77270564CB00C80914 /* Helper */,
				F0773E632705646400C80914 /* AppDelegate.swift */,
				F0773E652705646400C80914 /* SceneDelegate.swift */,
				F0773E692705646400C80914 /* Main.storyboard */,
				F0773E6C2705646600C80914 /* Assets.xcassets */,
				F0773E6E2705646600C80914 /* LaunchScreen.storyboard */,
				F0773E712705646600C80914 /* Info.plist */,
			);
			path = spTV;
			sourceTree = "<group>";
		};
		F0773E77270564CB00C80914 /* Helper */ = {
			isa = PBXGroup;
			children = (
				F0773E78270564CB00C80914 /* UIControl+Combine.swift */,
				F0773E79270564CB00C80914 /* NSAttributedString+Extensions.swift */,
			);
			path = Helper;
			sourceTree = "<group>";
		};
		F0773E7E270564E100C80914 /* PlayerControl */ = {
			isa = PBXGroup;
			children = (
				F0773E7F270564F500C80914 /* PlayerControlView.swift */,
				F0773E80270564F500C80914 /* PlayerSeekBarView.swift */,
			);
			path = PlayerControl;
			sourceTree = "<group>";
		};
		F0773E8627056E2E00C80914 /* spTV */ = {
			isa = PBXGroup;
			children = (
				F0773E672705646400C80914 /* ViewController.swift */,
				F0773E8727056E5000C80914 /* AppReducer.swift */,
			);
			path = spTV;
			sourceTree = "<group>";
		};
/* End PBXGroup section */

/* Begin PBXNativeTarget section */
		F0773E5F2705646400C80914 /* spTV */ = {
			isa = PBXNativeTarget;
			buildConfigurationList = F0773E742705646600C80914 /* Build configuration list for PBXNativeTarget "spTV" */;
			buildPhases = (
				F0773E5C2705646400C80914 /* Sources */,
				F0773E5D2705646400C80914 /* Frameworks */,
				F0773E5E2705646400C80914 /* Resources */,
			);
			buildRules = (
			);
			dependencies = (
			);
			name = spTV;
			packageProductDependencies = (
				F0773E842705661F00C80914 /* ComposableArchitecture */,
				F0773E8A2705706F00C80914 /* SuperPlayer */,
			);
			productName = spTV;
			productReference = F0773E602705646400C80914 /* spTV.app */;
			productType = "com.apple.product-type.application";
		};
/* End PBXNativeTarget section */

/* Begin PBXProject section */
		F0773E582705646400C80914 /* Project object */ = {
			isa = PBXProject;
			attributes = {
				LastSwiftUpdateCheck = 1250;
				LastUpgradeCheck = 1250;
				TargetAttributes = {
					F0773E5F2705646400C80914 = {
						CreatedOnToolsVersion = 12.5.1;
					};
				};
			};
			buildConfigurationList = F0773E5B2705646400C80914 /* Build configuration list for PBXProject "spTV" */;
			compatibilityVersion = "Xcode 9.3";
			developmentRegion = en;
			hasScannedForEncodings = 0;
			knownRegions = (
				en,
				Base,
			);
			mainGroup = F0773E572705646400C80914;
			packageReferences = (
				F0773E832705661F00C80914 /* XCRemoteSwiftPackageReference "swift-composable-architecture" */,
				F0773E892705706F00C80914 /* XCRemoteSwiftPackageReference "ios-superplayer" */,
			);
			productRefGroup = F0773E612705646400C80914 /* Products */;
			projectDirPath = "";
			projectRoot = "";
			targets = (
				F0773E5F2705646400C80914 /* spTV */,
			);
		};
/* End PBXProject section */

/* Begin PBXResourcesBuildPhase section */
		F0773E5E2705646400C80914 /* Resources */ = {
			isa = PBXResourcesBuildPhase;
			buildActionMask = 2147483647;
			files = (
				F0773E702705646600C80914 /* LaunchScreen.storyboard in Resources */,
				F0773E6D2705646600C80914 /* Assets.xcassets in Resources */,
				F0773E6B2705646400C80914 /* Main.storyboard in Resources */,
			);
			runOnlyForDeploymentPostprocessing = 0;
		};
/* End PBXResourcesBuildPhase section */

/* Begin PBXSourcesBuildPhase section */
		F0773E5C2705646400C80914 /* Sources */ = {
			isa = PBXSourcesBuildPhase;
			buildActionMask = 2147483647;
			files = (
				F0773E82270564F500C80914 /* PlayerSeekBarView.swift in Sources */,
				F0773E682705646400C80914 /* ViewController.swift in Sources */,
				F0773E7B270564CB00C80914 /* UIControl+Combine.swift in Sources */,
				F0773E8827056E5000C80914 /* AppReducer.swift in Sources */,
				F0773E642705646400C80914 /* AppDelegate.swift in Sources */,
				F0773E7C270564CB00C80914 /* NSAttributedString+Extensions.swift in Sources */,
				F0773E81270564F500C80914 /* PlayerControlView.swift in Sources */,
				F0773E662705646400C80914 /* SceneDelegate.swift in Sources */,
			);
			runOnlyForDeploymentPostprocessing = 0;
		};
/* End PBXSourcesBuildPhase section */

/* Begin PBXVariantGroup section */
		F0773E692705646400C80914 /* Main.storyboard */ = {
			isa = PBXVariantGroup;
			children = (
				F0773E6A2705646400C80914 /* Base */,
			);
			name = Main.storyboard;
			sourceTree = "<group>";
		};
		F0773E6E2705646600C80914 /* LaunchScreen.storyboard */ = {
			isa = PBXVariantGroup;
			children = (
				F0773E6F2705646600C80914 /* Base */,
			);
			name = LaunchScreen.storyboard;
			sourceTree = "<group>";
		};
/* End PBXVariantGroup section */

/* Begin XCBuildConfiguration section */
		F0773E722705646600C80914 /* Debug */ = {
			isa = XCBuildConfiguration;
			buildSettings = {
				ALWAYS_SEARCH_USER_PATHS = NO;
				CLANG_ANALYZER_NONNULL = YES;
				CLANG_ANALYZER_NUMBER_OBJECT_CONVERSION = YES_AGGRESSIVE;
				CLANG_CXX_LANGUAGE_STANDARD = "gnu++14";
				CLANG_CXX_LIBRARY = "libc++";
				CLANG_ENABLE_MODULES = YES;
				CLANG_ENABLE_OBJC_ARC = YES;
				CLANG_ENABLE_OBJC_WEAK = YES;
				CLANG_WARN_BLOCK_CAPTURE_AUTORELEASING = YES;
				CLANG_WARN_BOOL_CONVERSION = YES;
				CLANG_WARN_COMMA = YES;
				CLANG_WARN_CONSTANT_CONVERSION = YES;
				CLANG_WARN_DEPRECATED_OBJC_IMPLEMENTATIONS = YES;
				CLANG_WARN_DIRECT_OBJC_ISA_USAGE = YES_ERROR;
				CLANG_WARN_DOCUMENTATION_COMMENTS = YES;
				CLANG_WARN_EMPTY_BODY = YES;
				CLANG_WARN_ENUM_CONVERSION = YES;
				CLANG_WARN_INFINITE_RECURSION = YES;
				CLANG_WARN_INT_CONVERSION = YES;
				CLANG_WARN_NON_LITERAL_NULL_CONVERSION = YES;
				CLANG_WARN_OBJC_IMPLICIT_RETAIN_SELF = YES;
				CLANG_WARN_OBJC_LITERAL_CONVERSION = YES;
				CLANG_WARN_OBJC_ROOT_CLASS = YES_ERROR;
				CLANG_WARN_QUOTED_INCLUDE_IN_FRAMEWORK_HEADER = YES;
				CLANG_WARN_RANGE_LOOP_ANALYSIS = YES;
				CLANG_WARN_STRICT_PROTOTYPES = YES;
				CLANG_WARN_SUSPICIOUS_MOVE = YES;
				CLANG_WARN_UNGUARDED_AVAILABILITY = YES_AGGRESSIVE;
				CLANG_WARN_UNREACHABLE_CODE = YES;
				CLANG_WARN__DUPLICATE_METHOD_MATCH = YES;
				COPY_PHASE_STRIP = NO;
				DEBUG_INFORMATION_FORMAT = dwarf;
				ENABLE_STRICT_OBJC_MSGSEND = YES;
				ENABLE_TESTABILITY = YES;
				GCC_C_LANGUAGE_STANDARD = gnu11;
				GCC_DYNAMIC_NO_PIC = NO;
				GCC_NO_COMMON_BLOCKS = YES;
				GCC_OPTIMIZATION_LEVEL = 0;
				GCC_PREPROCESSOR_DEFINITIONS = (
					"DEBUG=1",
					"$(inherited)",
				);
				GCC_WARN_64_TO_32_BIT_CONVERSION = YES;
				GCC_WARN_ABOUT_RETURN_TYPE = YES_ERROR;
				GCC_WARN_UNDECLARED_SELECTOR = YES;
				GCC_WARN_UNINITIALIZED_AUTOS = YES_AGGRESSIVE;
				GCC_WARN_UNUSED_FUNCTION = YES;
				GCC_WARN_UNUSED_VARIABLE = YES;
				IPHONEOS_DEPLOYMENT_TARGET = 14.5;
				MTL_ENABLE_DEBUG_INFO = INCLUDE_SOURCE;
				MTL_FAST_MATH = YES;
				ONLY_ACTIVE_ARCH = YES;
				SDKROOT = iphoneos;
				SWIFT_ACTIVE_COMPILATION_CONDITIONS = DEBUG;
				SWIFT_OPTIMIZATION_LEVEL = "-Onone";
			};
			name = Debug;
		};
		F0773E732705646600C80914 /* Release */ = {
			isa = XCBuildConfiguration;
			buildSettings = {
				ALWAYS_SEARCH_USER_PATHS = NO;
				CLANG_ANALYZER_NONNULL = YES;
				CLANG_ANALYZER_NUMBER_OBJECT_CONVERSION = YES_AGGRESSIVE;
				CLANG_CXX_LANGUAGE_STANDARD = "gnu++14";
				CLANG_CXX_LIBRARY = "libc++";
				CLANG_ENABLE_MODULES = YES;
				CLANG_ENABLE_OBJC_ARC = YES;
				CLANG_ENABLE_OBJC_WEAK = YES;
				CLANG_WARN_BLOCK_CAPTURE_AUTORELEASING = YES;
				CLANG_WARN_BOOL_CONVERSION = YES;
				CLANG_WARN_COMMA = YES;
				CLANG_WARN_CONSTANT_CONVERSION = YES;
				CLANG_WARN_DEPRECATED_OBJC_IMPLEMENTATIONS = YES;
				CLANG_WARN_DIRECT_OBJC_ISA_USAGE = YES_ERROR;
				CLANG_WARN_DOCUMENTATION_COMMENTS = YES;
				CLANG_WARN_EMPTY_BODY = YES;
				CLANG_WARN_ENUM_CONVERSION = YES;
				CLANG_WARN_INFINITE_RECURSION = YES;
				CLANG_WARN_INT_CONVERSION = YES;
				CLANG_WARN_NON_LITERAL_NULL_CONVERSION = YES;
				CLANG_WARN_OBJC_IMPLICIT_RETAIN_SELF = YES;
				CLANG_WARN_OBJC_LITERAL_CONVERSION = YES;
				CLANG_WARN_OBJC_ROOT_CLASS = YES_ERROR;
				CLANG_WARN_QUOTED_INCLUDE_IN_FRAMEWORK_HEADER = YES;
				CLANG_WARN_RANGE_LOOP_ANALYSIS = YES;
				CLANG_WARN_STRICT_PROTOTYPES = YES;
				CLANG_WARN_SUSPICIOUS_MOVE = YES;
				CLANG_WARN_UNGUARDED_AVAILABILITY = YES_AGGRESSIVE;
				CLANG_WARN_UNREACHABLE_CODE = YES;
				CLANG_WARN__DUPLICATE_METHOD_MATCH = YES;
				COPY_PHASE_STRIP = NO;
				DEBUG_INFORMATION_FORMAT = "dwarf-with-dsym";
				ENABLE_NS_ASSERTIONS = NO;
				ENABLE_STRICT_OBJC_MSGSEND = YES;
				GCC_C_LANGUAGE_STANDARD = gnu11;
				GCC_NO_COMMON_BLOCKS = YES;
				GCC_WARN_64_TO_32_BIT_CONVERSION = YES;
				GCC_WARN_ABOUT_RETURN_TYPE = YES_ERROR;
				GCC_WARN_UNDECLARED_SELECTOR = YES;
				GCC_WARN_UNINITIALIZED_AUTOS = YES_AGGRESSIVE;
				GCC_WARN_UNUSED_FUNCTION = YES;
				GCC_WARN_UNUSED_VARIABLE = YES;
				IPHONEOS_DEPLOYMENT_TARGET = 14.5;
				MTL_ENABLE_DEBUG_INFO = NO;
				MTL_FAST_MATH = YES;
				SDKROOT = iphoneos;
				SWIFT_COMPILATION_MODE = wholemodule;
				SWIFT_OPTIMIZATION_LEVEL = "-O";
				VALIDATE_PRODUCT = YES;
			};
			name = Release;
		};
		F0773E752705646600C80914 /* Debug */ = {
			isa = XCBuildConfiguration;
			buildSettings = {
				ASSETCATALOG_COMPILER_APPICON_NAME = AppIcon;
				ASSETCATALOG_COMPILER_GLOBAL_ACCENT_COLOR_NAME = AccentColor;
				CODE_SIGN_STYLE = Automatic;
				INFOPLIST_FILE = spTV/Info.plist;
				IPHONEOS_DEPLOYMENT_TARGET = 13.0;
				LD_RUNPATH_SEARCH_PATHS = (
					"$(inherited)",
					"@executable_path/Frameworks",
				);
				PRODUCT_BUNDLE_IDENTIFIER = com.alvinmatthew.spTV;
				PRODUCT_NAME = "$(TARGET_NAME)";
				SWIFT_VERSION = 5.0;
				TARGETED_DEVICE_FAMILY = "1,2";
			};
			name = Debug;
		};
		F0773E762705646600C80914 /* Release */ = {
			isa = XCBuildConfiguration;
			buildSettings = {
				ASSETCATALOG_COMPILER_APPICON_NAME = AppIcon;
				ASSETCATALOG_COMPILER_GLOBAL_ACCENT_COLOR_NAME = AccentColor;
				CODE_SIGN_STYLE = Automatic;
				INFOPLIST_FILE = spTV/Info.plist;
				IPHONEOS_DEPLOYMENT_TARGET = 13.0;
				LD_RUNPATH_SEARCH_PATHS = (
					"$(inherited)",
					"@executable_path/Frameworks",
				);
				PRODUCT_BUNDLE_IDENTIFIER = com.alvinmatthew.spTV;
				PRODUCT_NAME = "$(TARGET_NAME)";
				SWIFT_VERSION = 5.0;
				TARGETED_DEVICE_FAMILY = "1,2";
			};
			name = Release;
		};
/* End XCBuildConfiguration section */

/* Begin XCConfigurationList section */
		F0773E5B2705646400C80914 /* Build configuration list for PBXProject "spTV" */ = {
			isa = XCConfigurationList;
			buildConfigurations = (
				F0773E722705646600C80914 /* Debug */,
				F0773E732705646600C80914 /* Release */,
			);
			defaultConfigurationIsVisible = 0;
			defaultConfigurationName = Release;
		};
		F0773E742705646600C80914 /* Build configuration list for PBXNativeTarget "spTV" */ = {
			isa = XCConfigurationList;
			buildConfigurations = (
				F0773E752705646600C80914 /* Debug */,
				F0773E762705646600C80914 /* Release */,
			);
			defaultConfigurationIsVisible = 0;
			defaultConfigurationName = Release;
		};
/* End XCConfigurationList section */

/* Begin XCRemoteSwiftPackageReference section */
		F0773E832705661F00C80914 /* XCRemoteSwiftPackageReference "swift-composable-architecture" */ = {
			isa = XCRemoteSwiftPackageReference;
			repositoryURL = "https://github.com/pointfreeco/swift-composable-architecture";
			requirement = {
				kind = exactVersion;
				version = 0.19.0;
			};
		};
		F0773E892705706F00C80914 /* XCRemoteSwiftPackageReference "ios-superplayer" */ = {
			isa = XCRemoteSwiftPackageReference;
			repositoryURL = "https://github.com/tokopedia/ios-superplayer";
			requirement = {
				kind = upToNextMajorVersion;
				minimumVersion = "1.0.0-beta";
			};
		};
/* End XCRemoteSwiftPackageReference section */

/* Begin XCSwiftPackageProductDependency section */
		F0773E842705661F00C80914 /* ComposableArchitecture */ = {
			isa = XCSwiftPackageProductDependency;
			package = F0773E832705661F00C80914 /* XCRemoteSwiftPackageReference "swift-composable-architecture" */;
			productName = ComposableArchitecture;
		};
		F0773E8A2705706F00C80914 /* SuperPlayer */ = {
			isa = XCSwiftPackageProductDependency;
			package = F0773E892705706F00C80914 /* XCRemoteSwiftPackageReference "ios-superplayer" */;
			productName = SuperPlayer;
		};
/* End XCSwiftPackageProductDependency section */
	};
	rootObject = F0773E582705646400C80914 /* Project object */;
}
